
Microsoft Visual Studio Solution File, Format Version 12.00
# Visual Studio Version 16
VisualStudioVersion = 16.0.30413.136
MinimumVisualStudioVersion = 10.0.40219.1
Project("{FAE04EC0-301F-11D3-BF4B-00C04F79EFBC}") = "TestTeamCity", "TestTeamCity\TestTeamCity.csproj", "{4E579CD5-D5CF-479A-99AF-94767F4A6A73}"
EndProject
Global
	GlobalSection(SolutionConfigurationPlatforms) = preSolution
		Debug|Any CPU = Debug|Any CPU
		Release|Any CPU = Release|Any CPU
	EndGlobalSection
	GlobalSection(ProjectConfigurationPlatforms) = postSolution
		{4E579CD5-D5CF-479A-99AF-94767F4A6A73}.Debug|Any CPU.ActiveCfg = Debug|Any CPU
		{4E579CD5-D5CF-479A-99AF-94767F4A6A73}.Debug|Any CPU.Build.0 = Debug|Any CPU
		{4E579CD5-D5CF-479A-99AF-94767F4A6A73}.Release|Any CPU.ActiveCfg = Release|Any CPU
		{4E579CD5-D5CF-479A-99AF-94767F4A6A73}.Release|Any CPU.Build.0 = Release|Any CPU
	EndGlobalSection
	GlobalSection(SolutionProperties) = preSolution
		HideSolutionNode = FALSE
	EndGlobalSection
	GlobalSection(ExtensibilityGlobals) = postSolution
		SolutionGuid = {3BF26F4C-971F-46D8-9285-0EC9FB27C2B0}
	EndGlobalSection
EndGlobal
